// !$*UTF8*$!
{
	archiveVersion = 1;
	classes = {
	};
	objectVersion = 46;
	objects = {

/* Begin PBXBuildFile section */
		FE61CC311D0BE4C200B33C3B /* UIKit.framework in Frameworks */ = {isa = PBXBuildFile; fileRef = FE61CC301D0BE4C200B33C3B /* UIKit.framework */; };
		FE61CC331D0BE4C700B33C3B /* CoreGraphics.framework in Frameworks */ = {isa = PBXBuildFile; fileRef = FE61CC321D0BE4C700B33C3B /* CoreGraphics.framework */; };
		FE61CC351D0BE4CC00B33C3B /* MediaPlayer.framework in Frameworks */ = {isa = PBXBuildFile; fileRef = FE61CC341D0BE4CC00B33C3B /* MediaPlayer.framework */; };
		FEFCEC5B1D0A98A30094E635 /* main.m in Sources */ = {isa = PBXBuildFile; fileRef = FEFCEC5A1D0A98A30094E635 /* main.m */; };
		FEFCEC5E1D0A98A30094E635 /* AppDelegate.m in Sources */ = {isa = PBXBuildFile; fileRef = FEFCEC5D1D0A98A30094E635 /* AppDelegate.m */; };
		FEFCEC611D0A98A30094E635 /* ViewController.m in Sources */ = {isa = PBXBuildFile; fileRef = FEFCEC601D0A98A30094E635 /* ViewController.m */; };
		FEFCEC641D0A98A40094E635 /* Main.storyboard in Resources */ = {isa = PBXBuildFile; fileRef = FEFCEC621D0A98A40094E635 /* Main.storyboard */; };
		FEFCEC661D0A98A40094E635 /* Assets.xcassets in Resources */ = {isa = PBXBuildFile; fileRef = FEFCEC651D0A98A40094E635 /* Assets.xcassets */; };
		FEFCEC691D0A98A40094E635 /* LaunchScreen.storyboard in Resources */ = {isa = PBXBuildFile; fileRef = FEFCEC671D0A98A40094E635 /* LaunchScreen.storyboard */; };
/* End PBXBuildFile section */

/* Begin PBXFileReference section */
		FE61CC301D0BE4C200B33C3B /* UIKit.framework */ = {isa = PBXFileReference; lastKnownFileType = wrapper.framework; name = UIKit.framework; path = System/Library/Frameworks/UIKit.framework; sourceTree = SDKROOT; };
		FE61CC321D0BE4C700B33C3B /* CoreGraphics.framework */ = {isa = PBXFileReference; lastKnownFileType = wrapper.framework; name = CoreGraphics.framework; path = System/Library/Frameworks/CoreGraphics.framework; sourceTree = SDKROOT; };
		FE61CC341D0BE4CC00B33C3B /* MediaPlayer.framework */ = {isa = PBXFileReference; lastKnownFileType = wrapper.framework; name = MediaPlayer.framework; path = System/Library/Frameworks/MediaPlayer.framework; sourceTree = SDKROOT; };
		FEFCEC561D0A98A30094E635 /* SVNDemo.app */ = {isa = PBXFileReference; explicitFileType = wrapper.application; includeInIndex = 0; path = SVNDemo.app; sourceTree = BUILT_PRODUCTS_DIR; };
		FEFCEC5A1D0A98A30094E635 /* main.m */ = {isa = PBXFileReference; lastKnownFileType = sourcecode.c.objc; path = main.m; sourceTree = "<group>"; };
		FEFCEC5C1D0A98A30094E635 /* AppDelegate.h */ = {isa = PBXFileReference; lastKnownFileType = sourcecode.c.h; path = AppDelegate.h; sourceTree = "<group>"; };
		FEFCEC5D1D0A98A30094E635 /* AppDelegate.m */ = {isa = PBXFileReference; lastKnownFileType = sourcecode.c.objc; path = AppDelegate.m; sourceTree = "<group>"; };
		FEFCEC5F1D0A98A30094E635 /* ViewController.h */ = {isa = PBXFileReference; lastKnownFileType = sourcecode.c.h; path = ViewController.h; sourceTree = "<group>"; };
		FEFCEC601D0A98A30094E635 /* ViewController.m */ = {isa = PBXFileReference; lastKnownFileType = sourcecode.c.objc; path = ViewController.m; sourceTree = "<group>"; };
		FEFCEC631D0A98A40094E635 /* Base */ = {isa = PBXFileReference; lastKnownFileType = file.storyboard; name = Base; path = Base.lproj/Main.storyboard; sourceTree = "<group>"; };
		FEFCEC651D0A98A40094E635 /* Assets.xcassets */ = {isa = PBXFileReference; lastKnownFileType = folder.assetcatalog; path = Assets.xcassets; sourceTree = "<group>"; };
		FEFCEC681D0A98A40094E635 /* Base */ = {isa = PBXFileReference; lastKnownFileType = file.storyboard; name = Base; path = Base.lproj/LaunchScreen.storyboard; sourceTree = "<group>"; };
		FEFCEC6A1D0A98A40094E635 /* Info.plist */ = {isa = PBXFileReference; lastKnownFileType = text.plist.xml; path = Info.plist; sourceTree = "<group>"; };
/* End PBXFileReference section */

/* Begin PBXFrameworksBuildPhase section */
		FEFCEC531D0A98A30094E635 /* Frameworks */ = {
			isa = PBXFrameworksBuildPhase;
			buildActionMask = 2147483647;
			files = (
				FE61CC351D0BE4CC00B33C3B /* MediaPlayer.framework in Frameworks */,
				FE61CC331D0BE4C700B33C3B /* CoreGraphics.framework in Frameworks */,
				FE61CC311D0BE4C200B33C3B /* UIKit.framework in Frameworks */,
			);
			runOnlyForDeploymentPostprocessing = 0;
		};
/* End PBXFrameworksBuildPhase section */

/* Begin PBXGroup section */
		FEFCEC4D1D0A98A30094E635 = {
			isa = PBXGroup;
			children = (
				FE61CC341D0BE4CC00B33C3B /* MediaPlayer.framework */,
				FE61CC321D0BE4C700B33C3B /* CoreGraphics.framework */,
				FE61CC301D0BE4C200B33C3B /* UIKit.framework */,
				FEFCEC581D0A98A30094E635 /* SVNDemo */,
				FEFCEC571D0A98A30094E635 /* Products */,
			);
			sourceTree = "<group>";
		};
		FEFCEC571D0A98A30094E635 /* Products */ = {
			isa = PBXGroup;
			children = (
				FEFCEC561D0A98A30094E635 /* SVNDemo.app */,
			);
			name = Products;
			sourceTree = "<group>";
		};
		FEFCEC581D0A98A30094E635 /* SVNDemo */ = {
			isa = PBXGroup;
			children = (
				FEFCEC5C1D0A98A30094E635 /* AppDelegate.h */,
				FEFCEC5D1D0A98A30094E635 /* AppDelegate.m */,
				FEFCEC5F1D0A98A30094E635 /* ViewController.h */,
				FEFCEC601D0A98A30094E635 /* ViewController.m */,
				FEFCEC621D0A98A40094E635 /* Main.storyboard */,
				FEFCEC651D0A98A40094E635 /* Assets.xcassets */,
				FEFCEC671D0A98A40094E635 /* LaunchScreen.storyboard */,
				FEFCEC6A1D0A98A40094E635 /* Info.plist */,
				FEFCEC591D0A98A30094E635 /* Supporting Files */,
			);
			path = SVNDemo;
			sourceTree = "<group>";
		};
		FEFCEC591D0A98A30094E635 /* Supporting Files */ = {
			isa = PBXGroup;
			children = (
				FEFCEC5A1D0A98A30094E635 /* main.m */,
			);
			name = "Supporting Files";
			sourceTree = "<group>";
		};
/* End PBXGroup section */

/* Begin PBXNativeTarget section */
		FEFCEC551D0A98A30094E635 /* SVNDemo */ = {
			isa = PBXNativeTarget;
			buildConfigurationList = FEFCEC6D1D0A98A40094E635 /* Build configuration list for PBXNativeTarget "SVNDemo" */;
			buildPhases = (
				FEFCEC521D0A98A30094E635 /* Sources */,
				FEFCEC531D0A98A30094E635 /* Frameworks */,
				FEFCEC541D0A98A30094E635 /* Resources */,
			);
			buildRules = (
			);
			dependencies = (
			);
			name = SVNDemo;
			productName = SVNDemo;
			productReference = FEFCEC561D0A98A30094E635 /* SVNDemo.app */;
			productType = "com.apple.product-type.application";
		};
/* End PBXNativeTarget section */

/* Begin PBXProject section */
		FEFCEC4E1D0A98A30094E635 /* Project object */ = {
			isa = PBXProject;
			attributes = {
				LastUpgradeCheck = 0720;
				ORGANIZATIONNAME = Saturncube;
				TargetAttributes = {
					FEFCEC551D0A98A30094E635 = {
						CreatedOnToolsVersion = 7.2;
					};
				};
			};
			buildConfigurationList = FEFCEC511D0A98A30094E635 /* Build configuration list for PBXProject "SVNDemo" */;
			compatibilityVersion = "Xcode 3.2";
			developmentRegion = English;
			hasScannedForEncodings = 0;
			knownRegions = (
				en,
				Base,
			);
			mainGroup = FEFCEC4D1D0A98A30094E635;
			productRefGroup = FEFCEC571D0A98A30094E635 /* Products */;
			projectDirPath = "";
			projectRoot = "";
			targets = (
				FEFCEC551D0A98A30094E635 /* SVNDemo */,
			);
		};
/* End PBXProject section */

/* Begin PBXResourcesBuildPhase section */
		FEFCEC541D0A98A30094E635 /* Resources */ = {
			isa = PBXResourcesBuildPhase;
			buildActionMask = 2147483647;
			files = (
				FEFCEC691D0A98A40094E635 /* LaunchScreen.storyboard in Resources */,
				FEFCEC661D0A98A40094E635 /* Assets.xcassets in Resources */,
				FEFCEC641D0A98A40094E635 /* Main.storyboard in Resources */,
			);
			runOnlyForDeploymentPostprocessing = 0;
		};
/* End PBXResourcesBuildPhase section */

/* Begin PBXSourcesBuildPhase section */
		FEFCEC521D0A98A30094E635 /* Sources */ = {
			isa = PBXSourcesBuildPhase;
			buildActionMask = 2147483647;
			files = (
				FEFCEC611D0A98A30094E635 /* ViewController.m in Sources */,
				FEFCEC5E1D0A98A30094E635 /* AppDelegate.m in Sources */,
				FEFCEC5B1D0A98A30094E635 /* main.m in Sources */,
			);
			runOnlyForDeploymentPostprocessing = 0;
		};
/* End PBXSourcesBuildPhase section */

/* Begin PBXVariantGroup section */
		FEFCEC621D0A98A40094E635 /* Main.storyboard */ = {
			isa = PBXVariantGroup;
			children = (
				FEFCEC631D0A98A40094E635 /* Base */,
			);
			name = Main.storyboard;
			sourceTree = "<group>";
		};
		FEFCEC671D0A98A40094E635 /* LaunchScreen.storyboard */ = {
			isa = PBXVariantGroup;
			children = (
				FEFCEC681D0A98A40094E635 /* Base */,
			);
			name = LaunchScreen.storyboard;
			sourceTree = "<group>";
		};
/* End PBXVariantGroup section */

/* Begin XCBuildConfiguration section */
		FEFCEC6B1D0A98A40094E635 /* Debug */ = {
			isa = XCBuildConfiguration;
			buildSettings = {
				ALWAYS_SEARCH_USER_PATHS = NO;
				CLANG_CXX_LANGUAGE_STANDARD = "gnu++0x";
				CLANG_CXX_LIBRARY = "libc++";
				CLANG_ENABLE_MODULES = YES;
				CLANG_ENABLE_OBJC_ARC = YES;
				CLANG_WARN_BOOL_CONVERSION = YES;
				CLANG_WARN_CONSTANT_CONVERSION = YES;
				CLANG_WARN_DIRECT_OBJC_ISA_USAGE = YES_ERROR;
				CLANG_WARN_EMPTY_BODY = YES;
				CLANG_WARN_ENUM_CONVERSION = YES;
				CLANG_WARN_INT_CONVERSION = YES;
				CLANG_WARN_OBJC_ROOT_CLASS = YES_ERROR;
				CLANG_WARN_UNREACHABLE_CODE = YES;
				CLANG_WARN__DUPLICATE_METHOD_MATCH = YES;
				"CODE_SIGN_IDENTITY[sdk=iphoneos*]" = "iPhone Developer";
				COPY_PHASE_STRIP = NO;
				DEBUG_INFORMATION_FORMAT = dwarf;
				ENABLE_STRICT_OBJC_MSGSEND = YES;
				ENABLE_TESTABILITY = YES;
				GCC_C_LANGUAGE_STANDARD = gnu99;
				GCC_DYNAMIC_NO_PIC = NO;
				GCC_NO_COMMON_BLOCKS = YES;
				GCC_OPTIMIZATION_LEVEL = 0;
				GCC_PREPROCESSOR_DEFINITIONS = (
					"DEBUG=1",
					"$(inherited)",
				);
				GCC_WARN_64_TO_32_BIT_CONVERSION = YES;
				GCC_WARN_ABOUT_RETURN_TYPE = YES_ERROR;
				GCC_WARN_UNDECLARED_SELECTOR = YES;
				GCC_WARN_UNINITIALIZED_AUTOS = YES_AGGRESSIVE;
				GCC_WARN_UNUSED_FUNCTION = YES;
				GCC_WARN_UNUSED_VARIABLE = YES;
				IPHONEOS_DEPLOYMENT_TARGET = 9.2;
				MTL_ENABLE_DEBUG_INFO = YES;
				ONLY_ACTIVE_ARCH = YES;
				SDKROOT = iphoneos;
			};
			name = Debug;
		};
		FEFCEC6C1D0A98A40094E635 /* Release */ = {
			isa = XCBuildConfiguration;
			buildSettings = {
				ALWAYS_SEARCH_USER_PATHS = NO;
				CLANG_CXX_LANGUAGE_STANDARD = "gnu++0x";
				CLANG_CXX_LIBRARY = "libc++";
				CLANG_ENABLE_MODULES = YES;
				CLANG_ENABLE_OBJC_ARC = YES;
				CLANG_WARN_BOOL_CONVERSION = YES;
				CLANG_WARN_CONSTANT_CONVERSION = YES;
				CLANG_WARN_DIRECT_OBJC_ISA_USAGE = YES_ERROR;
				CLANG_WARN_EMPTY_BODY = YES;
				CLANG_WARN_ENUM_CONVERSION = YES;
				CLANG_WARN_INT_CONVERSION = YES;
				CLANG_WARN_OBJC_ROOT_CLASS = YES_ERROR;
				CLANG_WARN_UNREACHABLE_CODE = YES;
				CLANG_WARN__DUPLICATE_METHOD_MATCH = YES;
				"CODE_SIGN_IDENTITY[sdk=iphoneos*]" = "iPhone Developer";
				COPY_PHASE_STRIP = NO;
				DEBUG_INFORMATION_FORMAT = "dwarf-with-dsym";
				ENABLE_NS_ASSERTIONS = NO;
				ENABLE_STRICT_OBJC_MSGSEND = YES;
				GCC_C_LANGUAGE_STANDARD = gnu99;
				GCC_NO_COMMON_BLOCKS = YES;
				GCC_WARN_64_TO_32_BIT_CONVERSION = YES;
				GCC_WARN_ABOUT_RETURN_TYPE = YES_ERROR;
				GCC_WARN_UNDECLARED_SELECTOR = YES;
				GCC_WARN_UNINITIALIZED_AUTOS = YES_AGGRESSIVE;
				GCC_WARN_UNUSED_FUNCTION = YES;
				GCC_WARN_UNUSED_VARIABLE = YES;
				IPHONEOS_DEPLOYMENT_TARGET = 9.2;
				MTL_ENABLE_DEBUG_INFO = NO;
				SDKROOT = iphoneos;
				VALIDATE_PRODUCT = YES;
			};
			name = Release;
		};
		FEFCEC6E1D0A98A40094E635 /* Debug */ = {
			isa = XCBuildConfiguration;
			buildSettings = {
				ASSETCATALOG_COMPILER_APPICON_NAME = AppIcon;
				INFOPLIST_FILE = SVNDemo/Info.plist;
				IPHONEOS_DEPLOYMENT_TARGET = 8.0;
				LD_RUNPATH_SEARCH_PATHS = "$(inherited) @executable_path/Frameworks";
				PRODUCT_BUNDLE_IDENTIFIER = Saturncube.SVNDemo;
				PRODUCT_NAME = "$(TARGET_NAME)";
			};
			name = Debug;
		};
		FEFCEC6F1D0A98A40094E635 /* Release */ = {
			isa = XCBuildConfiguration;
			buildSettings = {
				ASSETCATALOG_COMPILER_APPICON_NAME = AppIcon;
				INFOPLIST_FILE = SVNDemo/Info.plist;
				IPHONEOS_DEPLOYMENT_TARGET = 8.0;
				LD_RUNPATH_SEARCH_PATHS = "$(inherited) @executable_path/Frameworks";
				PRODUCT_BUNDLE_IDENTIFIER = Saturncube.SVNDemo;
				PRODUCT_NAME = "$(TARGET_NAME)";
			};
			name = Release;
		};
/* End XCBuildConfiguration section */

/* Begin XCConfigurationList section */
		FEFCEC511D0A98A30094E635 /* Build configuration list for PBXProject "SVNDemo" */ = {
			isa = XCConfigurationList;
			buildConfigurations = (
				FEFCEC6B1D0A98A40094E635 /* Debug */,
				FEFCEC6C1D0A98A40094E635 /* Release */,
			);
			defaultConfigurationIsVisible = 0;
			defaultConfigurationName = Release;
		};
		FEFCEC6D1D0A98A40094E635 /* Build configuration list for PBXNativeTarget "SVNDemo" */ = {
			isa = XCConfigurationList;
			buildConfigurations = (
				FEFCEC6E1D0A98A40094E635 /* Debug */,
				FEFCEC6F1D0A98A40094E635 /* Release */,
			);
			defaultConfigurationIsVisible = 0;
			defaultConfigurationName = Release;
		};
/* End XCConfigurationList section */
	};
	rootObject = FEFCEC4E1D0A98A30094E635 /* Project object */;
}
